// !$*UTF8*$!
{
	archiveVersion = 1;
	classes = {
	};
	objectVersion = 56;
	objects = {

/* Begin PBXBuildFile section */
		7E379F322B814E8000E62BA3 /* AppDelegate.swift in Sources */ = {isa = PBXBuildFile; fileRef = 7E379F312B814E8000E62BA3 /* AppDelegate.swift */; };
		7E379F342B814E8000E62BA3 /* ViewController.swift in Sources */ = {isa = PBXBuildFile; fileRef = 7E379F332B814E8000E62BA3 /* ViewController.swift */; };
		7E379F362B814E8200E62BA3 /* Assets.xcassets in Resources */ = {isa = PBXBuildFile; fileRef = 7E379F352B814E8200E62BA3 /* Assets.xcassets */; };
		7E379F392B814E8200E62BA3 /* Main.storyboard in Resources */ = {isa = PBXBuildFile; fileRef = 7E379F372B814E8200E62BA3 /* Main.storyboard */; };
		7E379F432B814FDE00E62BA3 /* MenuBarController.swift in Sources */ = {isa = PBXBuildFile; fileRef = 7E379F422B814FDE00E62BA3 /* MenuBarController.swift */; };
		7E379F462B81504700E62BA3 /* ScreenReader.swift in Sources */ = {isa = PBXBuildFile; fileRef = 7E379F452B81504700E62BA3 /* ScreenReader.swift */; };
		7E379F492B81506300E62BA3 /* CursorController.swift in Sources */ = {isa = PBXBuildFile; fileRef = 7E379F482B81506300E62BA3 /* CursorController.swift */; };
		7E379F4D2B816DCD00E62BA3 /* HotKey in Frameworks */ = {isa = PBXBuildFile; productRef = 7E379F4C2B816DCD00E62BA3 /* HotKey */; };
		7E379F502B8171C900E62BA3 /* VoiceRecorder.swift in Sources */ = {isa = PBXBuildFile; fileRef = 7E379F4F2B8171C900E62BA3 /* VoiceRecorder.swift */; };
		7E379F522B81747C00E62BA3 /* ScreenPainter.swift in Sources */ = {isa = PBXBuildFile; fileRef = 7E379F512B81747C00E62BA3 /* ScreenPainter.swift */; };
		FF8E5A122B817AA900E2A668 /* TextReader.swift in Sources */ = {isa = PBXBuildFile; fileRef = FF8E5A112B817AA900E2A668 /* TextReader.swift */; };
/* End PBXBuildFile section */

/* Begin PBXFileReference section */
		7E379F2E2B814E8000E62BA3 /* frontend.app */ = {isa = PBXFileReference; explicitFileType = wrapper.application; includeInIndex = 0; path = frontend.app; sourceTree = BUILT_PRODUCTS_DIR; };
		7E379F312B814E8000E62BA3 /* AppDelegate.swift */ = {isa = PBXFileReference; lastKnownFileType = sourcecode.swift; path = AppDelegate.swift; sourceTree = "<group>"; };
		7E379F332B814E8000E62BA3 /* ViewController.swift */ = {isa = PBXFileReference; lastKnownFileType = sourcecode.swift; path = ViewController.swift; sourceTree = "<group>"; };
		7E379F352B814E8200E62BA3 /* Assets.xcassets */ = {isa = PBXFileReference; lastKnownFileType = folder.assetcatalog; path = Assets.xcassets; sourceTree = "<group>"; };
		7E379F382B814E8200E62BA3 /* Base */ = {isa = PBXFileReference; lastKnownFileType = file.storyboard; name = Base; path = Base.lproj/Main.storyboard; sourceTree = "<group>"; };
		7E379F3A2B814E8200E62BA3 /* frontend.entitlements */ = {isa = PBXFileReference; lastKnownFileType = text.plist.entitlements; path = frontend.entitlements; sourceTree = "<group>"; };
		7E379F402B814ED400E62BA3 /* Info.plist */ = {isa = PBXFileReference; lastKnownFileType = text.plist; path = Info.plist; sourceTree = "<group>"; };
		7E379F422B814FDE00E62BA3 /* MenuBarController.swift */ = {isa = PBXFileReference; lastKnownFileType = sourcecode.swift; path = MenuBarController.swift; sourceTree = "<group>"; };
		7E379F452B81504700E62BA3 /* ScreenReader.swift */ = {isa = PBXFileReference; lastKnownFileType = sourcecode.swift; path = ScreenReader.swift; sourceTree = "<group>"; };
		7E379F482B81506300E62BA3 /* CursorController.swift */ = {isa = PBXFileReference; lastKnownFileType = sourcecode.swift; path = CursorController.swift; sourceTree = "<group>"; };
		7E379F4F2B8171C900E62BA3 /* VoiceRecorder.swift */ = {isa = PBXFileReference; lastKnownFileType = sourcecode.swift; path = VoiceRecorder.swift; sourceTree = "<group>"; };
		7E379F512B81747C00E62BA3 /* ScreenPainter.swift */ = {isa = PBXFileReference; lastKnownFileType = sourcecode.swift; path = ScreenPainter.swift; sourceTree = "<group>"; };
		FF8E5A112B817AA900E2A668 /* TextReader.swift */ = {isa = PBXFileReference; lastKnownFileType = sourcecode.swift; path = TextReader.swift; sourceTree = "<group>"; };
/* End PBXFileReference section */

/* Begin PBXFrameworksBuildPhase section */
		7E379F2B2B814E8000E62BA3 /* Frameworks */ = {
			isa = PBXFrameworksBuildPhase;
			buildActionMask = 2147483647;
			files = (
				7E379F4D2B816DCD00E62BA3 /* HotKey in Frameworks */,
			);
			runOnlyForDeploymentPostprocessing = 0;
		};
/* End PBXFrameworksBuildPhase section */

/* Begin PBXGroup section */
		7E379F252B814E8000E62BA3 = {
			isa = PBXGroup;
			children = (
				7E379F302B814E8000E62BA3 /* frontend */,
				7E379F2F2B814E8000E62BA3 /* Products */,
			);
			sourceTree = "<group>";
		};
		7E379F2F2B814E8000E62BA3 /* Products */ = {
			isa = PBXGroup;
			children = (
				7E379F2E2B814E8000E62BA3 /* frontend.app */,
			);
			name = Products;
			sourceTree = "<group>";
		};
		7E379F302B814E8000E62BA3 /* frontend */ = {
			isa = PBXGroup;
			children = (
				7E379F4E2B8171A800E62BA3 /* AudioControl */,
				7E379F472B81505200E62BA3 /* CursorControl */,
				7E379F442B81503C00E62BA3 /* ScreenReader */,
				7E379F412B814F7E00E62BA3 /* MenuBar */,
				7E379F402B814ED400E62BA3 /* Info.plist */,
				7E379F312B814E8000E62BA3 /* AppDelegate.swift */,
				7E379F332B814E8000E62BA3 /* ViewController.swift */,
				7E379F352B814E8200E62BA3 /* Assets.xcassets */,
				7E379F4A2B81678C00E62BA3 /* icon */,
				7E379F372B814E8200E62BA3 /* Main.storyboard */,
				7E379F3A2B814E8200E62BA3 /* frontend.entitlements */,
			);
			path = frontend;
			sourceTree = "<group>";
		};
		7E379F412B814F7E00E62BA3 /* MenuBar */ = {
			isa = PBXGroup;
			children = (
				7E379F422B814FDE00E62BA3 /* MenuBarController.swift */,
			);
			path = MenuBar;
			sourceTree = "<group>";
		};
		7E379F442B81503C00E62BA3 /* ScreenReader */ = {
			isa = PBXGroup;
			children = (
				7E379F452B81504700E62BA3 /* ScreenReader.swift */,
				7E379F512B81747C00E62BA3 /* ScreenPainter.swift */,
			);
			path = ScreenReader;
			sourceTree = "<group>";
		};
		7E379F472B81505200E62BA3 /* CursorControl */ = {
			isa = PBXGroup;
			children = (
				7E379F482B81506300E62BA3 /* CursorController.swift */,
			);
			path = CursorControl;
			sourceTree = "<group>";
		};
		7E379F4A2B81678C00E62BA3 /* icon */ = {
			isa = PBXGroup;
			children = (
			);
			path = icon;
			sourceTree = "<group>";
		};
		7E379F4E2B8171A800E62BA3 /* AudioControl */ = {
			isa = PBXGroup;
			children = (
				7E379F4F2B8171C900E62BA3 /* VoiceRecorder.swift */,
				FF8E5A112B817AA900E2A668 /* TextReader.swift */,
			);
			path = AudioControl;
			sourceTree = "<group>";
		};
/* End PBXGroup section */

/* Begin PBXNativeTarget section */
		7E379F2D2B814E8000E62BA3 /* frontend */ = {
			isa = PBXNativeTarget;
			buildConfigurationList = 7E379F3D2B814E8200E62BA3 /* Build configuration list for PBXNativeTarget "frontend" */;
			buildPhases = (
				7E379F2A2B814E8000E62BA3 /* Sources */,
				7E379F2B2B814E8000E62BA3 /* Frameworks */,
				7E379F2C2B814E8000E62BA3 /* Resources */,
			);
			buildRules = (
			);
			dependencies = (
			);
			name = frontend;
			packageProductDependencies = (
				7E379F4C2B816DCD00E62BA3 /* HotKey */,
			);
			productName = frontend;
			productReference = 7E379F2E2B814E8000E62BA3 /* frontend.app */;
			productType = "com.apple.product-type.application";
		};
/* End PBXNativeTarget section */

/* Begin PBXProject section */
		7E379F262B814E8000E62BA3 /* Project object */ = {
			isa = PBXProject;
			attributes = {
				BuildIndependentTargetsInParallel = 1;
				LastSwiftUpdateCheck = 1520;
				LastUpgradeCheck = 1520;
				TargetAttributes = {
					7E379F2D2B814E8000E62BA3 = {
						CreatedOnToolsVersion = 15.2;
					};
				};
			};
			buildConfigurationList = 7E379F292B814E8000E62BA3 /* Build configuration list for PBXProject "frontend" */;
			compatibilityVersion = "Xcode 14.0";
			developmentRegion = en;
			hasScannedForEncodings = 0;
			knownRegions = (
				en,
				Base,
			);
			mainGroup = 7E379F252B814E8000E62BA3;
			packageReferences = (
				7E379F4B2B816DCD00E62BA3 /* XCRemoteSwiftPackageReference "HotKey" */,
			);
			productRefGroup = 7E379F2F2B814E8000E62BA3 /* Products */;
			projectDirPath = "";
			projectRoot = "";
			targets = (
				7E379F2D2B814E8000E62BA3 /* frontend */,
			);
		};
/* End PBXProject section */

/* Begin PBXResourcesBuildPhase section */
		7E379F2C2B814E8000E62BA3 /* Resources */ = {
			isa = PBXResourcesBuildPhase;
			buildActionMask = 2147483647;
			files = (
				7E379F362B814E8200E62BA3 /* Assets.xcassets in Resources */,
				7E379F392B814E8200E62BA3 /* Main.storyboard in Resources */,
			);
			runOnlyForDeploymentPostprocessing = 0;
		};
/* End PBXResourcesBuildPhase section */

/* Begin PBXSourcesBuildPhase section */
		7E379F2A2B814E8000E62BA3 /* Sources */ = {
			isa = PBXSourcesBuildPhase;
			buildActionMask = 2147483647;
			files = (
				7E379F462B81504700E62BA3 /* ScreenReader.swift in Sources */,
				7E379F342B814E8000E62BA3 /* ViewController.swift in Sources */,
				7E379F502B8171C900E62BA3 /* VoiceRecorder.swift in Sources */,
				7E379F492B81506300E62BA3 /* CursorController.swift in Sources */,
				7E379F432B814FDE00E62BA3 /* MenuBarController.swift in Sources */,
				7E379F522B81747C00E62BA3 /* ScreenPainter.swift in Sources */,
				FF8E5A122B817AA900E2A668 /* TextReader.swift in Sources */,
				7E379F322B814E8000E62BA3 /* AppDelegate.swift in Sources */,
			);
			runOnlyForDeploymentPostprocessing = 0;
		};
/* End PBXSourcesBuildPhase section */

/* Begin PBXVariantGroup section */
		7E379F372B814E8200E62BA3 /* Main.storyboard */ = {
			isa = PBXVariantGroup;
			children = (
				7E379F382B814E8200E62BA3 /* Base */,
			);
			name = Main.storyboard;
			sourceTree = "<group>";
		};
/* End PBXVariantGroup section */

/* Begin XCBuildConfiguration section */
		7E379F3B2B814E8200E62BA3 /* Debug */ = {
			isa = XCBuildConfiguration;
			buildSettings = {
				ALWAYS_SEARCH_USER_PATHS = NO;
				ASSETCATALOG_COMPILER_GENERATE_SWIFT_ASSET_SYMBOL_EXTENSIONS = YES;
				CLANG_ANALYZER_NONNULL = YES;
				CLANG_ANALYZER_NUMBER_OBJECT_CONVERSION = YES_AGGRESSIVE;
				CLANG_CXX_LANGUAGE_STANDARD = "gnu++20";
				CLANG_ENABLE_MODULES = YES;
				CLANG_ENABLE_OBJC_ARC = YES;
				CLANG_ENABLE_OBJC_WEAK = YES;
				CLANG_WARN_BLOCK_CAPTURE_AUTORELEASING = YES;
				CLANG_WARN_BOOL_CONVERSION = YES;
				CLANG_WARN_COMMA = YES;
				CLANG_WARN_CONSTANT_CONVERSION = YES;
				CLANG_WARN_DEPRECATED_OBJC_IMPLEMENTATIONS = YES;
				CLANG_WARN_DIRECT_OBJC_ISA_USAGE = YES_ERROR;
				CLANG_WARN_DOCUMENTATION_COMMENTS = YES;
				CLANG_WARN_EMPTY_BODY = YES;
				CLANG_WARN_ENUM_CONVERSION = YES;
				CLANG_WARN_INFINITE_RECURSION = YES;
				CLANG_WARN_INT_CONVERSION = YES;
				CLANG_WARN_NON_LITERAL_NULL_CONVERSION = YES;
				CLANG_WARN_OBJC_IMPLICIT_RETAIN_SELF = YES;
				CLANG_WARN_OBJC_LITERAL_CONVERSION = YES;
				CLANG_WARN_OBJC_ROOT_CLASS = YES_ERROR;
				CLANG_WARN_QUOTED_INCLUDE_IN_FRAMEWORK_HEADER = YES;
				CLANG_WARN_RANGE_LOOP_ANALYSIS = YES;
				CLANG_WARN_STRICT_PROTOTYPES = YES;
				CLANG_WARN_SUSPICIOUS_MOVE = YES;
				CLANG_WARN_UNGUARDED_AVAILABILITY = YES_AGGRESSIVE;
				CLANG_WARN_UNREACHABLE_CODE = YES;
				CLANG_WARN__DUPLICATE_METHOD_MATCH = YES;
				COPY_PHASE_STRIP = NO;
				DEBUG_INFORMATION_FORMAT = dwarf;
				ENABLE_STRICT_OBJC_MSGSEND = YES;
				ENABLE_TESTABILITY = YES;
				ENABLE_USER_SCRIPT_SANDBOXING = YES;
				GCC_C_LANGUAGE_STANDARD = gnu17;
				GCC_DYNAMIC_NO_PIC = NO;
				GCC_NO_COMMON_BLOCKS = YES;
				GCC_OPTIMIZATION_LEVEL = 0;
				GCC_PREPROCESSOR_DEFINITIONS = (
					"DEBUG=1",
					"$(inherited)",
				);
				GCC_WARN_64_TO_32_BIT_CONVERSION = YES;
				GCC_WARN_ABOUT_RETURN_TYPE = YES_ERROR;
				GCC_WARN_UNDECLARED_SELECTOR = YES;
				GCC_WARN_UNINITIALIZED_AUTOS = YES_AGGRESSIVE;
				GCC_WARN_UNUSED_FUNCTION = YES;
				GCC_WARN_UNUSED_VARIABLE = YES;
				LOCALIZATION_PREFERS_STRING_CATALOGS = YES;
				MACOSX_DEPLOYMENT_TARGET = 14.2;
				MTL_ENABLE_DEBUG_INFO = INCLUDE_SOURCE;
				MTL_FAST_MATH = YES;
				ONLY_ACTIVE_ARCH = YES;
				SDKROOT = macosx;
				SWIFT_ACTIVE_COMPILATION_CONDITIONS = "DEBUG $(inherited)";
				SWIFT_OPTIMIZATION_LEVEL = "-Onone";
			};
			name = Debug;
		};
		7E379F3C2B814E8200E62BA3 /* Release */ = {
			isa = XCBuildConfiguration;
			buildSettings = {
				ALWAYS_SEARCH_USER_PATHS = NO;
				ASSETCATALOG_COMPILER_GENERATE_SWIFT_ASSET_SYMBOL_EXTENSIONS = YES;
				CLANG_ANALYZER_NONNULL = YES;
				CLANG_ANALYZER_NUMBER_OBJECT_CONVERSION = YES_AGGRESSIVE;
				CLANG_CXX_LANGUAGE_STANDARD = "gnu++20";
				CLANG_ENABLE_MODULES = YES;
				CLANG_ENABLE_OBJC_ARC = YES;
				CLANG_ENABLE_OBJC_WEAK = YES;
				CLANG_WARN_BLOCK_CAPTURE_AUTORELEASING = YES;
				CLANG_WARN_BOOL_CONVERSION = YES;
				CLANG_WARN_COMMA = YES;
				CLANG_WARN_CONSTANT_CONVERSION = YES;
				CLANG_WARN_DEPRECATED_OBJC_IMPLEMENTATIONS = YES;
				CLANG_WARN_DIRECT_OBJC_ISA_USAGE = YES_ERROR;
				CLANG_WARN_DOCUMENTATION_COMMENTS = YES;
				CLANG_WARN_EMPTY_BODY = YES;
				CLANG_WARN_ENUM_CONVERSION = YES;
				CLANG_WARN_INFINITE_RECURSION = YES;
				CLANG_WARN_INT_CONVERSION = YES;
				CLANG_WARN_NON_LITERAL_NULL_CONVERSION = YES;
				CLANG_WARN_OBJC_IMPLICIT_RETAIN_SELF = YES;
				CLANG_WARN_OBJC_LITERAL_CONVERSION = YES;
				CLANG_WARN_OBJC_ROOT_CLASS = YES_ERROR;
				CLANG_WARN_QUOTED_INCLUDE_IN_FRAMEWORK_HEADER = YES;
				CLANG_WARN_RANGE_LOOP_ANALYSIS = YES;
				CLANG_WARN_STRICT_PROTOTYPES = YES;
				CLANG_WARN_SUSPICIOUS_MOVE = YES;
				CLANG_WARN_UNGUARDED_AVAILABILITY = YES_AGGRESSIVE;
				CLANG_WARN_UNREACHABLE_CODE = YES;
				CLANG_WARN__DUPLICATE_METHOD_MATCH = YES;
				COPY_PHASE_STRIP = NO;
				DEBUG_INFORMATION_FORMAT = "dwarf-with-dsym";
				ENABLE_NS_ASSERTIONS = NO;
				ENABLE_STRICT_OBJC_MSGSEND = YES;
				ENABLE_USER_SCRIPT_SANDBOXING = YES;
				GCC_C_LANGUAGE_STANDARD = gnu17;
				GCC_NO_COMMON_BLOCKS = YES;
				GCC_WARN_64_TO_32_BIT_CONVERSION = YES;
				GCC_WARN_ABOUT_RETURN_TYPE = YES_ERROR;
				GCC_WARN_UNDECLARED_SELECTOR = YES;
				GCC_WARN_UNINITIALIZED_AUTOS = YES_AGGRESSIVE;
				GCC_WARN_UNUSED_FUNCTION = YES;
				GCC_WARN_UNUSED_VARIABLE = YES;
				LOCALIZATION_PREFERS_STRING_CATALOGS = YES;
				MACOSX_DEPLOYMENT_TARGET = 14.2;
				MTL_ENABLE_DEBUG_INFO = NO;
				MTL_FAST_MATH = YES;
				SDKROOT = macosx;
				SWIFT_COMPILATION_MODE = wholemodule;
			};
			name = Release;
		};
		7E379F3E2B814E8200E62BA3 /* Debug */ = {
			isa = XCBuildConfiguration;
			buildSettings = {
				ASSETCATALOG_COMPILER_APPICON_NAME = AppIcon;
				ASSETCATALOG_COMPILER_GLOBAL_ACCENT_COLOR_NAME = AccentColor;
				CODE_SIGN_ENTITLEMENTS = frontend/frontend.entitlements;
				"CODE_SIGN_IDENTITY[sdk=macosx*]" = "Apple Development";
				CODE_SIGN_STYLE = Automatic;
				COMBINE_HIDPI_IMAGES = YES;
				CURRENT_PROJECT_VERSION = 1;
				DEVELOPMENT_TEAM = HWAL749LHD;
				ENABLE_HARDENED_RUNTIME = YES;
				GENERATE_INFOPLIST_FILE = YES;
				INFOPLIST_FILE = frontend/Info.plist;
				INFOPLIST_KEY_LSApplicationCategoryType = "";
				INFOPLIST_KEY_LSUIElement = YES;
				INFOPLIST_KEY_NSHumanReadableCopyright = "";
				INFOPLIST_KEY_NSMainStoryboardFile = Main;
				INFOPLIST_KEY_NSMicrophoneUsageDescription = "This app needs to access your microphone to record audio input.";
				INFOPLIST_KEY_NSPrincipalClass = NSApplication;
				INFOPLIST_KEY_NSSpeechRecognitionUsageDescription = "This app needs to access the audio recorded by the microphone.";
				LD_RUNPATH_SEARCH_PATHS = (
					"$(inherited)",
					"@executable_path/../Frameworks",
				);
				MACOSX_DEPLOYMENT_TARGET = 13.1;
				MARKETING_VERSION = 1.0;
				PRODUCT_BUNDLE_IDENTIFIER = com.skys.frontend;
				PRODUCT_NAME = "$(TARGET_NAME)";
				SWIFT_EMIT_LOC_STRINGS = YES;
				SWIFT_VERSION = 5.0;
			};
			name = Debug;
		};
		7E379F3F2B814E8200E62BA3 /* Release */ = {
			isa = XCBuildConfiguration;
			buildSettings = {
				ASSETCATALOG_COMPILER_APPICON_NAME = AppIcon;
				ASSETCATALOG_COMPILER_GLOBAL_ACCENT_COLOR_NAME = AccentColor;
				CODE_SIGN_ENTITLEMENTS = frontend/frontend.entitlements;
				"CODE_SIGN_IDENTITY[sdk=macosx*]" = "Apple Development";
				CODE_SIGN_STYLE = Automatic;
				COMBINE_HIDPI_IMAGES = YES;
				CURRENT_PROJECT_VERSION = 1;
				DEVELOPMENT_TEAM = HWAL749LHD;
				ENABLE_HARDENED_RUNTIME = YES;
				GENERATE_INFOPLIST_FILE = YES;
				INFOPLIST_FILE = frontend/Info.plist;
				INFOPLIST_KEY_LSApplicationCategoryType = "";
				INFOPLIST_KEY_LSUIElement = YES;
				INFOPLIST_KEY_NSHumanReadableCopyright = "";
				INFOPLIST_KEY_NSMainStoryboardFile = Main;
				INFOPLIST_KEY_NSMicrophoneUsageDescription = "This app needs to access your microphone to record audio input.";
				INFOPLIST_KEY_NSPrincipalClass = NSApplication;
				INFOPLIST_KEY_NSSpeechRecognitionUsageDescription = "This app needs to access the audio recorded by the microphone.";
				LD_RUNPATH_SEARCH_PATHS = (
					"$(inherited)",
					"@executable_path/../Frameworks",
				);
				MACOSX_DEPLOYMENT_TARGET = 13.1;
				MARKETING_VERSION = 1.0;
				PRODUCT_BUNDLE_IDENTIFIER = com.skys.frontend;
				PRODUCT_NAME = "$(TARGET_NAME)";
				SWIFT_EMIT_LOC_STRINGS = YES;
				SWIFT_VERSION = 5.0;
			};
			name = Release;
		};
/* End XCBuildConfiguration section */

/* Begin XCConfigurationList section */
		7E379F292B814E8000E62BA3 /* Build configuration list for PBXProject "frontend" */ = {
			isa = XCConfigurationList;
			buildConfigurations = (
				7E379F3B2B814E8200E62BA3 /* Debug */,
				7E379F3C2B814E8200E62BA3 /* Release */,
			);
			defaultConfigurationIsVisible = 0;
			defaultConfigurationName = Release;
		};
		7E379F3D2B814E8200E62BA3 /* Build configuration list for PBXNativeTarget "frontend" */ = {
			isa = XCConfigurationList;
			buildConfigurations = (
				7E379F3E2B814E8200E62BA3 /* Debug */,
				7E379F3F2B814E8200E62BA3 /* Release */,
			);
			defaultConfigurationIsVisible = 0;
			defaultConfigurationName = Release;
		};
/* End XCConfigurationList section */

/* Begin XCRemoteSwiftPackageReference section */
		7E379F4B2B816DCD00E62BA3 /* XCRemoteSwiftPackageReference "HotKey" */ = {
			isa = XCRemoteSwiftPackageReference;
			repositoryURL = "https://github.com/soffes/HotKey";
			requirement = {
				branch = main;
				kind = branch;
			};
		};
/* End XCRemoteSwiftPackageReference section */

/* Begin XCSwiftPackageProductDependency section */
		7E379F4C2B816DCD00E62BA3 /* HotKey */ = {
			isa = XCSwiftPackageProductDependency;
			package = 7E379F4B2B816DCD00E62BA3 /* XCRemoteSwiftPackageReference "HotKey" */;
			productName = HotKey;
		};
/* End XCSwiftPackageProductDependency section */
	};
	rootObject = 7E379F262B814E8000E62BA3 /* Project object */;
}
